
Microsoft Visual Studio Solution File, Format Version 12.00
# Visual Studio Version 17
VisualStudioVersion = 17.13.35825.156 d17.13
MinimumVisualStudioVersion = 10.0.40219.1
Project("{FAE04EC0-301F-11D3-BF4B-00C04F79EFBC}") = "FileComparerAppWin", "FileComparerAppWin.csproj", "{96E71009-A7E3-407D-A55F-128E4BA041BE}"
EndProject
Global
	GlobalSection(SolutionConfigurationPlatforms) = preSolution
		Debug|Any CPU = Debug|Any CPU
		Release|Any CPU = Release|Any CPU
	EndGlobalSection
	GlobalSection(ProjectConfigurationPlatforms) = postSolution
		{96E71009-A7E3-407D-A55F-128E4BA041BE}.Debug|Any CPU.ActiveCfg = Debug|Any CPU
		{96E71009-A7E3-407D-A55F-128E4BA041BE}.Debug|Any CPU.Build.0 = Debug|Any CPU
		{96E71009-A7E3-407D-A55F-128E4BA041BE}.Release|Any CPU.ActiveCfg = Release|Any CPU
		{96E71009-A7E3-407D-A55F-128E4BA041BE}.Release|Any CPU.Build.0 = Release|Any CPU
	EndGlobalSection
	GlobalSection(SolutionProperties) = preSolution
		HideSolutionNode = FALSE
	EndGlobalSection
	GlobalSection(ExtensibilityGlobals) = postSolution
		SolutionGuid = {06F0778E-353B-4A06-BDAA-9020D4DC1E81}
	EndGlobalSection
EndGlobal
